
Microsoft Visual Studio Solution File, Format Version 10.00
# Visual Web Developer Express 2008
Project("{CC5FD16D-436D-48AD-A40C-5A424C6E3E79}") = "AzureEvalution", "AzureEvalution\AzureEvalution\AzureEvalution.ccproj", "{9547E0A5-1EFE-449E-993E-B8E91779BF98}"
EndProject
Project("{FAE04EC0-301F-11D3-BF4B-00C04F79EFBC}") = "AzureEvalution_WebRole", "AzureEvalution\AzureEvalution_WebRole\AzureEvalution_WebRole.csproj", "{5F2ADE5A-B259-4A3E-98FA-A4D3DF4142BF}"
EndProject
Global
	GlobalSection(SolutionConfigurationPlatforms) = preSolution
		Debug|Any CPU = Debug|Any CPU
		Release|Any CPU = Release|Any CPU
	EndGlobalSection
	GlobalSection(ProjectConfigurationPlatforms) = postSolution
		{9547E0A5-1EFE-449E-993E-B8E91779BF98}.Debug|Any CPU.ActiveCfg = Debug|Any CPU
		{9547E0A5-1EFE-449E-993E-B8E91779BF98}.Debug|Any CPU.Build.0 = Debug|Any CPU
		{9547E0A5-1EFE-449E-993E-B8E91779BF98}.Release|Any CPU.ActiveCfg = Release|Any CPU
		{9547E0A5-1EFE-449E-993E-B8E91779BF98}.Release|Any CPU.Build.0 = Release|Any CPU
		{5F2ADE5A-B259-4A3E-98FA-A4D3DF4142BF}.Debug|Any CPU.ActiveCfg = Debug|Any CPU
		{5F2ADE5A-B259-4A3E-98FA-A4D3DF4142BF}.Debug|Any CPU.Build.0 = Debug|Any CPU
		{5F2ADE5A-B259-4A3E-98FA-A4D3DF4142BF}.Release|Any CPU.ActiveCfg = Release|Any CPU
		{5F2ADE5A-B259-4A3E-98FA-A4D3DF4142BF}.Release|Any CPU.Build.0 = Release|Any CPU
	EndGlobalSection
	GlobalSection(SolutionProperties) = preSolution
		HideSolutionNode = FALSE
	EndGlobalSection
EndGlobal
